
Microsoft Visual Studio Solution File, Format Version 12.00
# Visual Studio Version 17
VisualStudioVersion = 17.9.34728.123
MinimumVisualStudioVersion = 10.0.40219.1
Project("{FAE04EC0-301F-11D3-BF4B-00C04F79EFBC}") = "CryptoWinformsTestApp", "CryptoWinformsTestApp\CryptoWinformsTestApp.csproj", "{34EB8E97-8677-4F66-A2C5-F1B3B4F34E00}"
EndProject
Global
	GlobalSection(SolutionConfigurationPlatforms) = preSolution
		Debug|Any CPU = Debug|Any CPU
		Release|Any CPU = Release|Any CPU
	EndGlobalSection
	GlobalSection(ProjectConfigurationPlatforms) = postSolution
		{34EB8E97-8677-4F66-A2C5-F1B3B4F34E00}.Debug|Any CPU.ActiveCfg = Debug|Any CPU
		{34EB8E97-8677-4F66-A2C5-F1B3B4F34E00}.Debug|Any CPU.Build.0 = Debug|Any CPU
		{34EB8E97-8677-4F66-A2C5-F1B3B4F34E00}.Release|Any CPU.ActiveCfg = Release|Any CPU
		{34EB8E97-8677-4F66-A2C5-F1B3B4F34E00}.Release|Any CPU.Build.0 = Release|Any CPU
	EndGlobalSection
	GlobalSection(SolutionProperties) = preSolution
		HideSolutionNode = FALSE
	EndGlobalSection
	GlobalSection(ExtensibilityGlobals) = postSolution
		SolutionGuid = {68FD9F15-0899-4B79-B2D5-7ABF90C04970}
	EndGlobalSection
EndGlobal
